
Microsoft Visual Studio Solution File, Format Version 12.00
# Visual Studio Version 16
VisualStudioVersion = 16.0.29001.49
MinimumVisualStudioVersion = 10.0.40219.1
Project("{FAE04EC0-301F-11D3-BF4B-00C04F79EFBC}") = "SC212549_Desafío1", "SC212549_Desafío1\SC212549_Desafío1.csproj", "{0E4FB8EA-B952-4D50-9BA8-33D57C034C88}"
EndProject
Global
	GlobalSection(SolutionConfigurationPlatforms) = preSolution
		Debug|Any CPU = Debug|Any CPU
		Release|Any CPU = Release|Any CPU
	EndGlobalSection
	GlobalSection(ProjectConfigurationPlatforms) = postSolution
		{0E4FB8EA-B952-4D50-9BA8-33D57C034C88}.Debug|Any CPU.ActiveCfg = Debug|Any CPU
		{0E4FB8EA-B952-4D50-9BA8-33D57C034C88}.Debug|Any CPU.Build.0 = Debug|Any CPU
		{0E4FB8EA-B952-4D50-9BA8-33D57C034C88}.Release|Any CPU.ActiveCfg = Release|Any CPU
		{0E4FB8EA-B952-4D50-9BA8-33D57C034C88}.Release|Any CPU.Build.0 = Release|Any CPU
	EndGlobalSection
	GlobalSection(SolutionProperties) = preSolution
		HideSolutionNode = FALSE
	EndGlobalSection
	GlobalSection(ExtensibilityGlobals) = postSolution
		SolutionGuid = {D60B0A3B-A2FD-40B5-80F1-712B58B6F060}
	EndGlobalSection
EndGlobal
